
Microsoft Visual Studio Solution File, Format Version 12.00
# Visual Studio Version 16
VisualStudioVersion = 16.0.31624.102
MinimumVisualStudioVersion = 10.0.40219.1
Project("{FAE04EC0-301F-11D3-BF4B-00C04F79EFBC}") = "4-MenornArreglo", "4-MenornArreglo\4-MenornArreglo.csproj", "{5B589993-AD63-4CB6-9C91-8B25DF8A4256}"
EndProject
Global
	GlobalSection(SolutionConfigurationPlatforms) = preSolution
		Debug|Any CPU = Debug|Any CPU
		Release|Any CPU = Release|Any CPU
	EndGlobalSection
	GlobalSection(ProjectConfigurationPlatforms) = postSolution
		{5B589993-AD63-4CB6-9C91-8B25DF8A4256}.Debug|Any CPU.ActiveCfg = Debug|Any CPU
		{5B589993-AD63-4CB6-9C91-8B25DF8A4256}.Debug|Any CPU.Build.0 = Debug|Any CPU
		{5B589993-AD63-4CB6-9C91-8B25DF8A4256}.Release|Any CPU.ActiveCfg = Release|Any CPU
		{5B589993-AD63-4CB6-9C91-8B25DF8A4256}.Release|Any CPU.Build.0 = Release|Any CPU
	EndGlobalSection
	GlobalSection(SolutionProperties) = preSolution
		HideSolutionNode = FALSE
	EndGlobalSection
	GlobalSection(ExtensibilityGlobals) = postSolution
		SolutionGuid = {41CBAC8C-5003-456E-989C-42C45FAB78F3}
	EndGlobalSection
EndGlobal
